// !$*UTF8*$!
{
	archiveVersion = 1;
	classes = {
	};
	objectVersion = 46;
	objects = {

/* Begin PBXBuildFile section */
		586C2D481DE2C47D00661E83 /* AppDelegate.swift in Sources */ = {isa = PBXBuildFile; fileRef = 586C2D471DE2C47D00661E83 /* AppDelegate.swift */; };
		586C2D4A1DE2C47D00661E83 /* ViewController.swift in Sources */ = {isa = PBXBuildFile; fileRef = 586C2D491DE2C47D00661E83 /* ViewController.swift */; };
		586C2D4D1DE2C47D00661E83 /* Main.storyboard in Resources */ = {isa = PBXBuildFile; fileRef = 586C2D4B1DE2C47D00661E83 /* Main.storyboard */; };
		586C2D4F1DE2C47D00661E83 /* Assets.xcassets in Resources */ = {isa = PBXBuildFile; fileRef = 586C2D4E1DE2C47D00661E83 /* Assets.xcassets */; };
		586C2D521DE2C47D00661E83 /* LaunchScreen.storyboard in Resources */ = {isa = PBXBuildFile; fileRef = 586C2D501DE2C47D00661E83 /* LaunchScreen.storyboard */; };
/* End PBXBuildFile section */

/* Begin PBXFileReference section */
		586C2D441DE2C47D00661E83 /* AVPlayerWithRxSwift.app */ = {isa = PBXFileReference; explicitFileType = wrapper.application; includeInIndex = 0; path = AVPlayerWithRxSwift.app; sourceTree = BUILT_PRODUCTS_DIR; };
		586C2D471DE2C47D00661E83 /* AppDelegate.swift */ = {isa = PBXFileReference; lastKnownFileType = sourcecode.swift; path = AppDelegate.swift; sourceTree = "<group>"; };
		586C2D491DE2C47D00661E83 /* ViewController.swift */ = {isa = PBXFileReference; lastKnownFileType = sourcecode.swift; path = ViewController.swift; sourceTree = "<group>"; };
		586C2D4C1DE2C47D00661E83 /* Base */ = {isa = PBXFileReference; lastKnownFileType = file.storyboard; name = Base; path = Base.lproj/Main.storyboard; sourceTree = "<group>"; };
		586C2D4E1DE2C47D00661E83 /* Assets.xcassets */ = {isa = PBXFileReference; lastKnownFileType = folder.assetcatalog; path = Assets.xcassets; sourceTree = "<group>"; };
		586C2D511DE2C47D00661E83 /* Base */ = {isa = PBXFileReference; lastKnownFileType = file.storyboard; name = Base; path = Base.lproj/LaunchScreen.storyboard; sourceTree = "<group>"; };
		586C2D531DE2C47D00661E83 /* Info.plist */ = {isa = PBXFileReference; lastKnownFileType = text.plist.xml; path = Info.plist; sourceTree = "<group>"; };
/* End PBXFileReference section */

/* Begin PBXFrameworksBuildPhase section */
		586C2D411DE2C47D00661E83 /* Frameworks */ = {
			isa = PBXFrameworksBuildPhase;
			buildActionMask = 2147483647;
			files = (
			);
			runOnlyForDeploymentPostprocessing = 0;
		};
/* End PBXFrameworksBuildPhase section */

/* Begin PBXGroup section */
		586C2D3B1DE2C47D00661E83 = {
			isa = PBXGroup;
			children = (
				586C2D461DE2C47D00661E83 /* AVPlayerWithRxSwift */,
				586C2D451DE2C47D00661E83 /* Products */,
			);
			sourceTree = "<group>";
		};
		586C2D451DE2C47D00661E83 /* Products */ = {
			isa = PBXGroup;
			children = (
				586C2D441DE2C47D00661E83 /* AVPlayerWithRxSwift.app */,
			);
			name = Products;
			sourceTree = "<group>";
		};
		586C2D461DE2C47D00661E83 /* AVPlayerWithRxSwift */ = {
			isa = PBXGroup;
			children = (
				586C2D471DE2C47D00661E83 /* AppDelegate.swift */,
				586C2D491DE2C47D00661E83 /* ViewController.swift */,
				586C2D4B1DE2C47D00661E83 /* Main.storyboard */,
				586C2D4E1DE2C47D00661E83 /* Assets.xcassets */,
				586C2D501DE2C47D00661E83 /* LaunchScreen.storyboard */,
				586C2D531DE2C47D00661E83 /* Info.plist */,
			);
			path = AVPlayerWithRxSwift;
			sourceTree = "<group>";
		};
/* End PBXGroup section */

/* Begin PBXNativeTarget section */
		586C2D431DE2C47D00661E83 /* AVPlayerWithRxSwift */ = {
			isa = PBXNativeTarget;
			buildConfigurationList = 586C2D561DE2C47D00661E83 /* Build configuration list for PBXNativeTarget "AVPlayerWithRxSwift" */;
			buildPhases = (
				586C2D401DE2C47D00661E83 /* Sources */,
				586C2D411DE2C47D00661E83 /* Frameworks */,
				586C2D421DE2C47D00661E83 /* Resources */,
			);
			buildRules = (
			);
			dependencies = (
			);
			name = AVPlayerWithRxSwift;
			productName = AVPlayerWithRxSwift;
			productReference = 586C2D441DE2C47D00661E83 /* AVPlayerWithRxSwift.app */;
			productType = "com.apple.product-type.application";
		};
/* End PBXNativeTarget section */

/* Begin PBXProject section */
		586C2D3C1DE2C47D00661E83 /* Project object */ = {
			isa = PBXProject;
			attributes = {
				LastSwiftUpdateCheck = 0810;
				LastUpgradeCheck = 0810;
				ORGANIZATIONNAME = YGuan;
				TargetAttributes = {
					586C2D431DE2C47D00661E83 = {
						CreatedOnToolsVersion = 8.1;
						DevelopmentTeam = MBNHL4TFE7;
						ProvisioningStyle = Automatic;
					};
				};
			};
			buildConfigurationList = 586C2D3F1DE2C47D00661E83 /* Build configuration list for PBXProject "AVPlayerWithRxSwift" */;
			compatibilityVersion = "Xcode 3.2";
			developmentRegion = English;
			hasScannedForEncodings = 0;
			knownRegions = (
				en,
				Base,
			);
			mainGroup = 586C2D3B1DE2C47D00661E83;
			productRefGroup = 586C2D451DE2C47D00661E83 /* Products */;
			projectDirPath = "";
			projectRoot = "";
			targets = (
				586C2D431DE2C47D00661E83 /* AVPlayerWithRxSwift */,
			);
		};
/* End PBXProject section */

/* Begin PBXResourcesBuildPhase section */
		586C2D421DE2C47D00661E83 /* Resources */ = {
			isa = PBXResourcesBuildPhase;
			buildActionMask = 2147483647;
			files = (
				586C2D521DE2C47D00661E83 /* LaunchScreen.storyboard in Resources */,
				586C2D4F1DE2C47D00661E83 /* Assets.xcassets in Resources */,
				586C2D4D1DE2C47D00661E83 /* Main.storyboard in Resources */,
			);
			runOnlyForDeploymentPostprocessing = 0;
		};
/* End PBXResourcesBuildPhase section */

/* Begin PBXSourcesBuildPhase section */
		586C2D401DE2C47D00661E83 /* Sources */ = {
			isa = PBXSourcesBuildPhase;
			buildActionMask = 2147483647;
			files = (
				586C2D4A1DE2C47D00661E83 /* ViewController.swift in Sources */,
				586C2D481DE2C47D00661E83 /* AppDelegate.swift in Sources */,
			);
			runOnlyForDeploymentPostprocessing = 0;
		};
/* End PBXSourcesBuildPhase section */

/* Begin PBXVariantGroup section */
		586C2D4B1DE2C47D00661E83 /* Main.storyboard */ = {
			isa = PBXVariantGroup;
			children = (
				586C2D4C1DE2C47D00661E83 /* Base */,
			);
			name = Main.storyboard;
			sourceTree = "<group>";
		};
		586C2D501DE2C47D00661E83 /* LaunchScreen.storyboard */ = {
			isa = PBXVariantGroup;
			children = (
				586C2D511DE2C47D00661E83 /* Base */,
			);
			name = LaunchScreen.storyboard;
			sourceTree = "<group>";
		};
/* End PBXVariantGroup section */

/* Begin XCBuildConfiguration section */
		586C2D541DE2C47D00661E83 /* Debug */ = {
			isa = XCBuildConfiguration;
			buildSettings = {
				ALWAYS_SEARCH_USER_PATHS = NO;
				CLANG_ANALYZER_NONNULL = YES;
				CLANG_CXX_LANGUAGE_STANDARD = "gnu++0x";
				CLANG_CXX_LIBRARY = "libc++";
				CLANG_ENABLE_MODULES = YES;
				CLANG_ENABLE_OBJC_ARC = YES;
				CLANG_WARN_BOOL_CONVERSION = YES;
				CLANG_WARN_CONSTANT_CONVERSION = YES;
				CLANG_WARN_DIRECT_OBJC_ISA_USAGE = YES_ERROR;
				CLANG_WARN_DOCUMENTATION_COMMENTS = YES;
				CLANG_WARN_EMPTY_BODY = YES;
				CLANG_WARN_ENUM_CONVERSION = YES;
				CLANG_WARN_INFINITE_RECURSION = YES;
				CLANG_WARN_INT_CONVERSION = YES;
				CLANG_WARN_OBJC_ROOT_CLASS = YES_ERROR;
				CLANG_WARN_SUSPICIOUS_MOVES = YES;
				CLANG_WARN_UNREACHABLE_CODE = YES;
				CLANG_WARN__DUPLICATE_METHOD_MATCH = YES;
				"CODE_SIGN_IDENTITY[sdk=iphoneos*]" = "iPhone Developer";
				COPY_PHASE_STRIP = NO;
				DEBUG_INFORMATION_FORMAT = dwarf;
				ENABLE_STRICT_OBJC_MSGSEND = YES;
				ENABLE_TESTABILITY = YES;
				GCC_C_LANGUAGE_STANDARD = gnu99;
				GCC_DYNAMIC_NO_PIC = NO;
				GCC_NO_COMMON_BLOCKS = YES;
				GCC_OPTIMIZATION_LEVEL = 0;
				GCC_PREPROCESSOR_DEFINITIONS = (
					"DEBUG=1",
					"$(inherited)",
				);
				GCC_WARN_64_TO_32_BIT_CONVERSION = YES;
				GCC_WARN_ABOUT_RETURN_TYPE = YES_ERROR;
				GCC_WARN_UNDECLARED_SELECTOR = YES;
				GCC_WARN_UNINITIALIZED_AUTOS = YES_AGGRESSIVE;
				GCC_WARN_UNUSED_FUNCTION = YES;
				GCC_WARN_UNUSED_VARIABLE = YES;
				IPHONEOS_DEPLOYMENT_TARGET = 10.1;
				MTL_ENABLE_DEBUG_INFO = YES;
				ONLY_ACTIVE_ARCH = YES;
				SDKROOT = iphoneos;
				SWIFT_ACTIVE_COMPILATION_CONDITIONS = DEBUG;
				SWIFT_OPTIMIZATION_LEVEL = "-Onone";
				TARGETED_DEVICE_FAMILY = "1,2";
			};
			name = Debug;
		};
		586C2D551DE2C47D00661E83 /* Release */ = {
			isa = XCBuildConfiguration;
			buildSettings = {
				ALWAYS_SEARCH_USER_PATHS = NO;
				CLANG_ANALYZER_NONNULL = YES;
				CLANG_CXX_LANGUAGE_STANDARD = "gnu++0x";
				CLANG_CXX_LIBRARY = "libc++";
				CLANG_ENABLE_MODULES = YES;
				CLANG_ENABLE_OBJC_ARC = YES;
				CLANG_WARN_BOOL_CONVERSION = YES;
				CLANG_WARN_CONSTANT_CONVERSION = YES;
				CLANG_WARN_DIRECT_OBJC_ISA_USAGE = YES_ERROR;
				CLANG_WARN_DOCUMENTATION_COMMENTS = YES;
				CLANG_WARN_EMPTY_BODY = YES;
				CLANG_WARN_ENUM_CONVERSION = YES;
				CLANG_WARN_INFINITE_RECURSION = YES;
				CLANG_WARN_INT_CONVERSION = YES;
				CLANG_WARN_OBJC_ROOT_CLASS = YES_ERROR;
				CLANG_WARN_SUSPICIOUS_MOVES = YES;
				CLANG_WARN_UNREACHABLE_CODE = YES;
				CLANG_WARN__DUPLICATE_METHOD_MATCH = YES;
				"CODE_SIGN_IDENTITY[sdk=iphoneos*]" = "iPhone Developer";
				COPY_PHASE_STRIP = NO;
				DEBUG_INFORMATION_FORMAT = "dwarf-with-dsym";
				ENABLE_NS_ASSERTIONS = NO;
				ENABLE_STRICT_OBJC_MSGSEND = YES;
				GCC_C_LANGUAGE_STANDARD = gnu99;
				GCC_NO_COMMON_BLOCKS = YES;
				GCC_WARN_64_TO_32_BIT_CONVERSION = YES;
				GCC_WARN_ABOUT_RETURN_TYPE = YES_ERROR;
				GCC_WARN_UNDECLARED_SELECTOR = YES;
				GCC_WARN_UNINITIALIZED_AUTOS = YES_AGGRESSIVE;
				GCC_WARN_UNUSED_FUNCTION = YES;
				GCC_WARN_UNUSED_VARIABLE = YES;
				IPHONEOS_DEPLOYMENT_TARGET = 10.1;
				MTL_ENABLE_DEBUG_INFO = NO;
				SDKROOT = iphoneos;
				SWIFT_OPTIMIZATION_LEVEL = "-Owholemodule";
				TARGETED_DEVICE_FAMILY = "1,2";
				VALIDATE_PRODUCT = YES;
			};
			name = Release;
		};
		586C2D571DE2C47D00661E83 /* Debug */ = {
			isa = XCBuildConfiguration;
			buildSettings = {
				ASSETCATALOG_COMPILER_APPICON_NAME = AppIcon;
				DEVELOPMENT_TEAM = MBNHL4TFE7;
				INFOPLIST_FILE = AVPlayerWithRxSwift/Info.plist;
				LD_RUNPATH_SEARCH_PATHS = "$(inherited) @executable_path/Frameworks";
				PRODUCT_BUNDLE_IDENTIFIER = "com.fenrir-tec.AVPlayerWithRxSwift";
				PRODUCT_NAME = "$(TARGET_NAME)";
				SWIFT_VERSION = 3.0;
			};
			name = Debug;
		};
		586C2D581DE2C47D00661E83 /* Release */ = {
			isa = XCBuildConfiguration;
			buildSettings = {
				ASSETCATALOG_COMPILER_APPICON_NAME = AppIcon;
				DEVELOPMENT_TEAM = MBNHL4TFE7;
				INFOPLIST_FILE = AVPlayerWithRxSwift/Info.plist;
				LD_RUNPATH_SEARCH_PATHS = "$(inherited) @executable_path/Frameworks";
				PRODUCT_BUNDLE_IDENTIFIER = "com.fenrir-tec.AVPlayerWithRxSwift";
				PRODUCT_NAME = "$(TARGET_NAME)";
				SWIFT_VERSION = 3.0;
			};
			name = Release;
		};
/* End XCBuildConfiguration section */

/* Begin XCConfigurationList section */
		586C2D3F1DE2C47D00661E83 /* Build configuration list for PBXProject "AVPlayerWithRxSwift" */ = {
			isa = XCConfigurationList;
			buildConfigurations = (
				586C2D541DE2C47D00661E83 /* Debug */,
				586C2D551DE2C47D00661E83 /* Release */,
			);
			defaultConfigurationIsVisible = 0;
			defaultConfigurationName = Release;
		};
		586C2D561DE2C47D00661E83 /* Build configuration list for PBXNativeTarget "AVPlayerWithRxSwift" */ = {
			isa = XCConfigurationList;
			buildConfigurations = (
				586C2D571DE2C47D00661E83 /* Debug */,
				586C2D581DE2C47D00661E83 /* Release */,
			);
			defaultConfigurationIsVisible = 0;
		};
/* End XCConfigurationList section */
	};
	rootObject = 586C2D3C1DE2C47D00661E83 /* Project object */;
}
