// !$*UTF8*$!
{
	archiveVersion = 1;
	classes = {
	};
	objectVersion = 46;
	objects = {

/* Begin PBXBuildFile section */
		58E03EAF1E1018B2005F7B23 /* AppDelegate.swift in Sources */ = {isa = PBXBuildFile; fileRef = 58E03EAE1E1018B2005F7B23 /* AppDelegate.swift */; };
		58E03EBA1E1018B2005F7B23 /* Assets.xcassets in Resources */ = {isa = PBXBuildFile; fileRef = 58E03EB91E1018B2005F7B23 /* Assets.xcassets */; };
		58E03EBD1E1018B2005F7B23 /* LaunchScreen.storyboard in Resources */ = {isa = PBXBuildFile; fileRef = 58E03EBB1E1018B2005F7B23 /* LaunchScreen.storyboard */; };
		58E03ECB1E101956005F7B23 /* AVPlayerToolsBar.swift in Sources */ = {isa = PBXBuildFile; fileRef = 58E03EC41E101956005F7B23 /* AVPlayerToolsBar.swift */; };
		58E03ECC1E101956005F7B23 /* AVPlayerToolsBar.xib in Resources */ = {isa = PBXBuildFile; fileRef = 58E03EC51E101956005F7B23 /* AVPlayerToolsBar.xib */; };
		58E03ECD1E101956005F7B23 /* AVPlayerViewController.swift in Sources */ = {isa = PBXBuildFile; fileRef = 58E03EC61E101956005F7B23 /* AVPlayerViewController.swift */; };
		58E03ECE1E101956005F7B23 /* Extensions.swift in Sources */ = {isa = PBXBuildFile; fileRef = 58E03EC71E101956005F7B23 /* Extensions.swift */; };
		58E03ECF1E101956005F7B23 /* MediaViewModel.swift in Sources */ = {isa = PBXBuildFile; fileRef = 58E03EC81E101956005F7B23 /* MediaViewModel.swift */; };
		58E03ED01E101956005F7B23 /* sample.mp4 in Resources */ = {isa = PBXBuildFile; fileRef = 58E03EC91E101956005F7B23 /* sample.mp4 */; };
		58E03ED11E101956005F7B23 /* ViewController.swift in Sources */ = {isa = PBXBuildFile; fileRef = 58E03ECA1E101956005F7B23 /* ViewController.swift */; };
		58E03ED41E101AD9005F7B23 /* Main.storyboard in Resources */ = {isa = PBXBuildFile; fileRef = 58E03ED21E101AD9005F7B23 /* Main.storyboard */; };
/* End PBXBuildFile section */

/* Begin PBXFileReference section */
		58E03EAB1E1018B2005F7B23 /* AVPlayerInRxSwift.app */ = {isa = PBXFileReference; explicitFileType = wrapper.application; includeInIndex = 0; path = AVPlayerInRxSwift.app; sourceTree = BUILT_PRODUCTS_DIR; };
		58E03EAE1E1018B2005F7B23 /* AppDelegate.swift */ = {isa = PBXFileReference; lastKnownFileType = sourcecode.swift; path = AppDelegate.swift; sourceTree = "<group>"; };
		58E03EB91E1018B2005F7B23 /* Assets.xcassets */ = {isa = PBXFileReference; lastKnownFileType = folder.assetcatalog; path = Assets.xcassets; sourceTree = "<group>"; };
		58E03EBC1E1018B2005F7B23 /* Base */ = {isa = PBXFileReference; lastKnownFileType = file.storyboard; name = Base; path = Base.lproj/LaunchScreen.storyboard; sourceTree = "<group>"; };
		58E03EBE1E1018B2005F7B23 /* Info.plist */ = {isa = PBXFileReference; lastKnownFileType = text.plist.xml; path = Info.plist; sourceTree = "<group>"; };
		58E03EC41E101956005F7B23 /* AVPlayerToolsBar.swift */ = {isa = PBXFileReference; fileEncoding = 4; lastKnownFileType = sourcecode.swift; path = AVPlayerToolsBar.swift; sourceTree = "<group>"; };
		58E03EC51E101956005F7B23 /* AVPlayerToolsBar.xib */ = {isa = PBXFileReference; fileEncoding = 4; lastKnownFileType = file.xib; path = AVPlayerToolsBar.xib; sourceTree = "<group>"; };
		58E03EC61E101956005F7B23 /* AVPlayerViewController.swift */ = {isa = PBXFileReference; fileEncoding = 4; lastKnownFileType = sourcecode.swift; path = AVPlayerViewController.swift; sourceTree = "<group>"; };
		58E03EC71E101956005F7B23 /* Extensions.swift */ = {isa = PBXFileReference; fileEncoding = 4; lastKnownFileType = sourcecode.swift; path = Extensions.swift; sourceTree = "<group>"; };
		58E03EC81E101956005F7B23 /* MediaViewModel.swift */ = {isa = PBXFileReference; fileEncoding = 4; lastKnownFileType = sourcecode.swift; path = MediaViewModel.swift; sourceTree = "<group>"; };
		58E03EC91E101956005F7B23 /* sample.mp4 */ = {isa = PBXFileReference; lastKnownFileType = file; path = sample.mp4; sourceTree = "<group>"; };
		58E03ECA1E101956005F7B23 /* ViewController.swift */ = {isa = PBXFileReference; fileEncoding = 4; lastKnownFileType = sourcecode.swift; path = ViewController.swift; sourceTree = "<group>"; };
		58E03ED31E101AD9005F7B23 /* Base */ = {isa = PBXFileReference; lastKnownFileType = file.storyboard; name = Base; path = AVPlayerInRxSwift/Base.lproj/Main.storyboard; sourceTree = "<group>"; };
/* End PBXFileReference section */

/* Begin PBXFrameworksBuildPhase section */
		58E03EA81E1018B2005F7B23 /* Frameworks */ = {
			isa = PBXFrameworksBuildPhase;
			buildActionMask = 2147483647;
			files = (
			);
			runOnlyForDeploymentPostprocessing = 0;
		};
/* End PBXFrameworksBuildPhase section */

/* Begin PBXGroup section */
		58A977E31E13EB76005882FF /* Support */ = {
			isa = PBXGroup;
			children = (
				58E03EC91E101956005F7B23 /* sample.mp4 */,
				58E03EB91E1018B2005F7B23 /* Assets.xcassets */,
				58E03EBB1E1018B2005F7B23 /* LaunchScreen.storyboard */,
				58E03EBE1E1018B2005F7B23 /* Info.plist */,
			);
			name = Support;
			sourceTree = "<group>";
		};
		58E03EA21E1018B2005F7B23 = {
			isa = PBXGroup;
			children = (
				58E03EAD1E1018B2005F7B23 /* AVPlayerInRxSwift */,
				58E03EAC1E1018B2005F7B23 /* Products */,
			);
			sourceTree = "<group>";
		};
		58E03EAC1E1018B2005F7B23 /* Products */ = {
			isa = PBXGroup;
			children = (
				58E03EAB1E1018B2005F7B23 /* AVPlayerInRxSwift.app */,
			);
			name = Products;
			sourceTree = "<group>";
		};
		58E03EAD1E1018B2005F7B23 /* AVPlayerInRxSwift */ = {
			isa = PBXGroup;
			children = (
				58E03ED21E101AD9005F7B23 /* Main.storyboard */,
				58E03EC41E101956005F7B23 /* AVPlayerToolsBar.swift */,
				58E03EC51E101956005F7B23 /* AVPlayerToolsBar.xib */,
				58E03EC61E101956005F7B23 /* AVPlayerViewController.swift */,
				58E03EC71E101956005F7B23 /* Extensions.swift */,
				58E03EC81E101956005F7B23 /* MediaViewModel.swift */,
				58E03ECA1E101956005F7B23 /* ViewController.swift */,
				58E03EAE1E1018B2005F7B23 /* AppDelegate.swift */,
				58A977E31E13EB76005882FF /* Support */,
			);
			path = AVPlayerInRxSwift;
			sourceTree = "<group>";
		};
/* End PBXGroup section */

/* Begin PBXNativeTarget section */
		58E03EAA1E1018B2005F7B23 /* AVPlayerInRxSwift */ = {
			isa = PBXNativeTarget;
			buildConfigurationList = 58E03EC11E1018B2005F7B23 /* Build configuration list for PBXNativeTarget "AVPlayerInRxSwift" */;
			buildPhases = (
				58E03EA71E1018B2005F7B23 /* Sources */,
				58E03EA81E1018B2005F7B23 /* Frameworks */,
				58E03EA91E1018B2005F7B23 /* Resources */,
			);
			buildRules = (
			);
			dependencies = (
			);
			name = AVPlayerInRxSwift;
			productName = AVPlayerInRxSwift;
			productReference = 58E03EAB1E1018B2005F7B23 /* AVPlayerInRxSwift.app */;
			productType = "com.apple.product-type.application";
		};
/* End PBXNativeTarget section */

/* Begin PBXProject section */
		58E03EA31E1018B2005F7B23 /* Project object */ = {
			isa = PBXProject;
			attributes = {
				LastSwiftUpdateCheck = 0820;
				LastUpgradeCheck = 0820;
				ORGANIZATIONNAME = YGuan;
				TargetAttributes = {
					58E03EAA1E1018B2005F7B23 = {
						CreatedOnToolsVersion = 8.2.1;
						DevelopmentTeam = MBNHL4TFE7;
						ProvisioningStyle = Automatic;
					};
				};
			};
			buildConfigurationList = 58E03EA61E1018B2005F7B23 /* Build configuration list for PBXProject "AVPlayerInRxSwift" */;
			compatibilityVersion = "Xcode 3.2";
			developmentRegion = English;
			hasScannedForEncodings = 0;
			knownRegions = (
				en,
				Base,
			);
			mainGroup = 58E03EA21E1018B2005F7B23;
			productRefGroup = 58E03EAC1E1018B2005F7B23 /* Products */;
			projectDirPath = "";
			projectRoot = "";
			targets = (
				58E03EAA1E1018B2005F7B23 /* AVPlayerInRxSwift */,
			);
		};
/* End PBXProject section */

/* Begin PBXResourcesBuildPhase section */
		58E03EA91E1018B2005F7B23 /* Resources */ = {
			isa = PBXResourcesBuildPhase;
			buildActionMask = 2147483647;
			files = (
				58E03EBD1E1018B2005F7B23 /* LaunchScreen.storyboard in Resources */,
				58E03ED41E101AD9005F7B23 /* Main.storyboard in Resources */,
				58E03EBA1E1018B2005F7B23 /* Assets.xcassets in Resources */,
				58E03ECC1E101956005F7B23 /* AVPlayerToolsBar.xib in Resources */,
				58E03ED01E101956005F7B23 /* sample.mp4 in Resources */,
			);
			runOnlyForDeploymentPostprocessing = 0;
		};
/* End PBXResourcesBuildPhase section */

/* Begin PBXSourcesBuildPhase section */
		58E03EA71E1018B2005F7B23 /* Sources */ = {
			isa = PBXSourcesBuildPhase;
			buildActionMask = 2147483647;
			files = (
				58E03ED11E101956005F7B23 /* ViewController.swift in Sources */,
				58E03ECF1E101956005F7B23 /* MediaViewModel.swift in Sources */,
				58E03EAF1E1018B2005F7B23 /* AppDelegate.swift in Sources */,
				58E03ECD1E101956005F7B23 /* AVPlayerViewController.swift in Sources */,
				58E03ECB1E101956005F7B23 /* AVPlayerToolsBar.swift in Sources */,
				58E03ECE1E101956005F7B23 /* Extensions.swift in Sources */,
			);
			runOnlyForDeploymentPostprocessing = 0;
		};
/* End PBXSourcesBuildPhase section */

/* Begin PBXVariantGroup section */
		58E03EBB1E1018B2005F7B23 /* LaunchScreen.storyboard */ = {
			isa = PBXVariantGroup;
			children = (
				58E03EBC1E1018B2005F7B23 /* Base */,
			);
			name = LaunchScreen.storyboard;
			sourceTree = "<group>";
		};
		58E03ED21E101AD9005F7B23 /* Main.storyboard */ = {
			isa = PBXVariantGroup;
			children = (
				58E03ED31E101AD9005F7B23 /* Base */,
			);
			name = Main.storyboard;
			path = ..;
			sourceTree = "<group>";
		};
/* End PBXVariantGroup section */

/* Begin XCBuildConfiguration section */
		58E03EBF1E1018B2005F7B23 /* Debug */ = {
			isa = XCBuildConfiguration;
			buildSettings = {
				ALWAYS_SEARCH_USER_PATHS = NO;
				CLANG_ANALYZER_NONNULL = YES;
				CLANG_CXX_LANGUAGE_STANDARD = "gnu++0x";
				CLANG_CXX_LIBRARY = "libc++";
				CLANG_ENABLE_MODULES = YES;
				CLANG_ENABLE_OBJC_ARC = YES;
				CLANG_WARN_BOOL_CONVERSION = YES;
				CLANG_WARN_CONSTANT_CONVERSION = YES;
				CLANG_WARN_DIRECT_OBJC_ISA_USAGE = YES_ERROR;
				CLANG_WARN_DOCUMENTATION_COMMENTS = YES;
				CLANG_WARN_EMPTY_BODY = YES;
				CLANG_WARN_ENUM_CONVERSION = YES;
				CLANG_WARN_INFINITE_RECURSION = YES;
				CLANG_WARN_INT_CONVERSION = YES;
				CLANG_WARN_OBJC_ROOT_CLASS = YES_ERROR;
				CLANG_WARN_SUSPICIOUS_MOVE = YES;
				CLANG_WARN_UNREACHABLE_CODE = YES;
				CLANG_WARN__DUPLICATE_METHOD_MATCH = YES;
				"CODE_SIGN_IDENTITY[sdk=iphoneos*]" = "iPhone Developer";
				COPY_PHASE_STRIP = NO;
				DEBUG_INFORMATION_FORMAT = dwarf;
				ENABLE_STRICT_OBJC_MSGSEND = YES;
				ENABLE_TESTABILITY = YES;
				GCC_C_LANGUAGE_STANDARD = gnu99;
				GCC_DYNAMIC_NO_PIC = NO;
				GCC_NO_COMMON_BLOCKS = YES;
				GCC_OPTIMIZATION_LEVEL = 0;
				GCC_PREPROCESSOR_DEFINITIONS = (
					"DEBUG=1",
					"$(inherited)",
				);
				GCC_WARN_64_TO_32_BIT_CONVERSION = YES;
				GCC_WARN_ABOUT_RETURN_TYPE = YES_ERROR;
				GCC_WARN_UNDECLARED_SELECTOR = YES;
				GCC_WARN_UNINITIALIZED_AUTOS = YES_AGGRESSIVE;
				GCC_WARN_UNUSED_FUNCTION = YES;
				GCC_WARN_UNUSED_VARIABLE = YES;
				IPHONEOS_DEPLOYMENT_TARGET = 10.2;
				MTL_ENABLE_DEBUG_INFO = YES;
				ONLY_ACTIVE_ARCH = YES;
				SDKROOT = iphoneos;
				SWIFT_ACTIVE_COMPILATION_CONDITIONS = DEBUG;
				SWIFT_OPTIMIZATION_LEVEL = "-Onone";
				TARGETED_DEVICE_FAMILY = "1,2";
			};
			name = Debug;
		};
		58E03EC01E1018B2005F7B23 /* Release */ = {
			isa = XCBuildConfiguration;
			buildSettings = {
				ALWAYS_SEARCH_USER_PATHS = NO;
				CLANG_ANALYZER_NONNULL = YES;
				CLANG_CXX_LANGUAGE_STANDARD = "gnu++0x";
				CLANG_CXX_LIBRARY = "libc++";
				CLANG_ENABLE_MODULES = YES;
				CLANG_ENABLE_OBJC_ARC = YES;
				CLANG_WARN_BOOL_CONVERSION = YES;
				CLANG_WARN_CONSTANT_CONVERSION = YES;
				CLANG_WARN_DIRECT_OBJC_ISA_USAGE = YES_ERROR;
				CLANG_WARN_DOCUMENTATION_COMMENTS = YES;
				CLANG_WARN_EMPTY_BODY = YES;
				CLANG_WARN_ENUM_CONVERSION = YES;
				CLANG_WARN_INFINITE_RECURSION = YES;
				CLANG_WARN_INT_CONVERSION = YES;
				CLANG_WARN_OBJC_ROOT_CLASS = YES_ERROR;
				CLANG_WARN_SUSPICIOUS_MOVE = YES;
				CLANG_WARN_UNREACHABLE_CODE = YES;
				CLANG_WARN__DUPLICATE_METHOD_MATCH = YES;
				"CODE_SIGN_IDENTITY[sdk=iphoneos*]" = "iPhone Developer";
				COPY_PHASE_STRIP = NO;
				DEBUG_INFORMATION_FORMAT = "dwarf-with-dsym";
				ENABLE_NS_ASSERTIONS = NO;
				ENABLE_STRICT_OBJC_MSGSEND = YES;
				GCC_C_LANGUAGE_STANDARD = gnu99;
				GCC_NO_COMMON_BLOCKS = YES;
				GCC_WARN_64_TO_32_BIT_CONVERSION = YES;
				GCC_WARN_ABOUT_RETURN_TYPE = YES_ERROR;
				GCC_WARN_UNDECLARED_SELECTOR = YES;
				GCC_WARN_UNINITIALIZED_AUTOS = YES_AGGRESSIVE;
				GCC_WARN_UNUSED_FUNCTION = YES;
				GCC_WARN_UNUSED_VARIABLE = YES;
				IPHONEOS_DEPLOYMENT_TARGET = 10.2;
				MTL_ENABLE_DEBUG_INFO = NO;
				SDKROOT = iphoneos;
				SWIFT_OPTIMIZATION_LEVEL = "-Owholemodule";
				TARGETED_DEVICE_FAMILY = "1,2";
				VALIDATE_PRODUCT = YES;
			};
			name = Release;
		};
		58E03EC21E1018B2005F7B23 /* Debug */ = {
			isa = XCBuildConfiguration;
			buildSettings = {
				ASSETCATALOG_COMPILER_APPICON_NAME = AppIcon;
				DEVELOPMENT_TEAM = MBNHL4TFE7;
				INFOPLIST_FILE = AVPlayerInRxSwift/Info.plist;
				LD_RUNPATH_SEARCH_PATHS = "$(inherited) @executable_path/Frameworks";
				PRODUCT_BUNDLE_IDENTIFIER = com.YGuan.AVPlayerInRxSwift;
				PRODUCT_NAME = "$(TARGET_NAME)";
				SWIFT_VERSION = 3.0;
			};
			name = Debug;
		};
		58E03EC31E1018B2005F7B23 /* Release */ = {
			isa = XCBuildConfiguration;
			buildSettings = {
				ASSETCATALOG_COMPILER_APPICON_NAME = AppIcon;
				DEVELOPMENT_TEAM = MBNHL4TFE7;
				INFOPLIST_FILE = AVPlayerInRxSwift/Info.plist;
				LD_RUNPATH_SEARCH_PATHS = "$(inherited) @executable_path/Frameworks";
				PRODUCT_BUNDLE_IDENTIFIER = com.YGuan.AVPlayerInRxSwift;
				PRODUCT_NAME = "$(TARGET_NAME)";
				SWIFT_VERSION = 3.0;
			};
			name = Release;
		};
/* End XCBuildConfiguration section */

/* Begin XCConfigurationList section */
		58E03EA61E1018B2005F7B23 /* Build configuration list for PBXProject "AVPlayerInRxSwift" */ = {
			isa = XCConfigurationList;
			buildConfigurations = (
				58E03EBF1E1018B2005F7B23 /* Debug */,
				58E03EC01E1018B2005F7B23 /* Release */,
			);
			defaultConfigurationIsVisible = 0;
			defaultConfigurationName = Release;
		};
		58E03EC11E1018B2005F7B23 /* Build configuration list for PBXNativeTarget "AVPlayerInRxSwift" */ = {
			isa = XCConfigurationList;
			buildConfigurations = (
				58E03EC21E1018B2005F7B23 /* Debug */,
				58E03EC31E1018B2005F7B23 /* Release */,
			);
			defaultConfigurationIsVisible = 0;
			defaultConfigurationName = Release;
		};
/* End XCConfigurationList section */
	};
	rootObject = 58E03EA31E1018B2005F7B23 /* Project object */;
}
